
Microsoft Visual Studio Solution File, Format Version 12.00
# Visual Studio 2012
Project("{FAE04EC0-301F-11D3-BF4B-00C04F79EFBC}") = "Dand.Analyzing", "Dand.Analyzing\Dand.Analyzing.csproj", "{0C58B7FB-A9D1-42DE-A740-3A0416054F90}"
EndProject
Project("{FAE04EC0-301F-11D3-BF4B-00C04F79EFBC}") = "Dand.Interpreter", "Dand.Interpreter\Dand.Interpreter.csproj", "{2EED98F0-07FF-43BF-AA67-4940B7428369}"
EndProject
Project("{FAE04EC0-301F-11D3-BF4B-00C04F79EFBC}") = "Dand.RunTime", "Dand.RunTime\Dand.RunTime.csproj", "{6CEFB39D-375E-45B8-8EED-C24976708CC9}"
EndProject
Project("{FAE04EC0-301F-11D3-BF4B-00C04F79EFBC}") = "Dand.Compiler", "Dand.Compiler\Dand.Compiler.csproj", "{95EBB1C8-9E32-4E24-9241-6144FD25BF8F}"
EndProject
Project("{FAE04EC0-301F-11D3-BF4B-00C04F79EFBC}") = "Dand.GUI", "Dand.GUI\Dand.GUI.csproj", "{2BA35F1A-B90A-4573-B3E7-11D8516BE2FB}"
EndProject
Global
	GlobalSection(SolutionConfigurationPlatforms) = preSolution
		Debug|Any CPU = Debug|Any CPU
		Debug|Mixed Platforms = Debug|Mixed Platforms
		Debug|x86 = Debug|x86
		Release|Any CPU = Release|Any CPU
		Release|Mixed Platforms = Release|Mixed Platforms
		Release|x86 = Release|x86
	EndGlobalSection
	GlobalSection(ProjectConfigurationPlatforms) = postSolution
		{0C58B7FB-A9D1-42DE-A740-3A0416054F90}.Debug|Any CPU.ActiveCfg = Debug|Any CPU
		{0C58B7FB-A9D1-42DE-A740-3A0416054F90}.Debug|Any CPU.Build.0 = Debug|Any CPU
		{0C58B7FB-A9D1-42DE-A740-3A0416054F90}.Debug|Mixed Platforms.ActiveCfg = Debug|Any CPU
		{0C58B7FB-A9D1-42DE-A740-3A0416054F90}.Debug|Mixed Platforms.Build.0 = Debug|Any CPU
		{0C58B7FB-A9D1-42DE-A740-3A0416054F90}.Debug|x86.ActiveCfg = Debug|Any CPU
		{0C58B7FB-A9D1-42DE-A740-3A0416054F90}.Release|Any CPU.ActiveCfg = Release|Any CPU
		{0C58B7FB-A9D1-42DE-A740-3A0416054F90}.Release|Any CPU.Build.0 = Release|Any CPU
		{0C58B7FB-A9D1-42DE-A740-3A0416054F90}.Release|Mixed Platforms.ActiveCfg = Release|Any CPU
		{0C58B7FB-A9D1-42DE-A740-3A0416054F90}.Release|Mixed Platforms.Build.0 = Release|Any CPU
		{0C58B7FB-A9D1-42DE-A740-3A0416054F90}.Release|x86.ActiveCfg = Release|Any CPU
		{2EED98F0-07FF-43BF-AA67-4940B7428369}.Debug|Any CPU.ActiveCfg = Debug|x86
		{2EED98F0-07FF-43BF-AA67-4940B7428369}.Debug|Mixed Platforms.ActiveCfg = Debug|x86
		{2EED98F0-07FF-43BF-AA67-4940B7428369}.Debug|Mixed Platforms.Build.0 = Debug|x86
		{2EED98F0-07FF-43BF-AA67-4940B7428369}.Debug|x86.ActiveCfg = Debug|x86
		{2EED98F0-07FF-43BF-AA67-4940B7428369}.Debug|x86.Build.0 = Debug|x86
		{2EED98F0-07FF-43BF-AA67-4940B7428369}.Release|Any CPU.ActiveCfg = Release|x86
		{2EED98F0-07FF-43BF-AA67-4940B7428369}.Release|Mixed Platforms.ActiveCfg = Release|x86
		{2EED98F0-07FF-43BF-AA67-4940B7428369}.Release|Mixed Platforms.Build.0 = Release|x86
		{2EED98F0-07FF-43BF-AA67-4940B7428369}.Release|x86.ActiveCfg = Release|x86
		{2EED98F0-07FF-43BF-AA67-4940B7428369}.Release|x86.Build.0 = Release|x86
		{6CEFB39D-375E-45B8-8EED-C24976708CC9}.Debug|Any CPU.ActiveCfg = Debug|Any CPU
		{6CEFB39D-375E-45B8-8EED-C24976708CC9}.Debug|Any CPU.Build.0 = Debug|Any CPU
		{6CEFB39D-375E-45B8-8EED-C24976708CC9}.Debug|Mixed Platforms.ActiveCfg = Debug|Any CPU
		{6CEFB39D-375E-45B8-8EED-C24976708CC9}.Debug|Mixed Platforms.Build.0 = Debug|Any CPU
		{6CEFB39D-375E-45B8-8EED-C24976708CC9}.Debug|x86.ActiveCfg = Debug|Any CPU
		{6CEFB39D-375E-45B8-8EED-C24976708CC9}.Release|Any CPU.ActiveCfg = Release|Any CPU
		{6CEFB39D-375E-45B8-8EED-C24976708CC9}.Release|Any CPU.Build.0 = Release|Any CPU
		{6CEFB39D-375E-45B8-8EED-C24976708CC9}.Release|Mixed Platforms.ActiveCfg = Release|Any CPU
		{6CEFB39D-375E-45B8-8EED-C24976708CC9}.Release|Mixed Platforms.Build.0 = Release|Any CPU
		{6CEFB39D-375E-45B8-8EED-C24976708CC9}.Release|x86.ActiveCfg = Release|Any CPU
		{95EBB1C8-9E32-4E24-9241-6144FD25BF8F}.Debug|Any CPU.ActiveCfg = Debug|Any CPU
		{95EBB1C8-9E32-4E24-9241-6144FD25BF8F}.Debug|Any CPU.Build.0 = Debug|Any CPU
		{95EBB1C8-9E32-4E24-9241-6144FD25BF8F}.Debug|Mixed Platforms.ActiveCfg = Debug|Any CPU
		{95EBB1C8-9E32-4E24-9241-6144FD25BF8F}.Debug|Mixed Platforms.Build.0 = Debug|Any CPU
		{95EBB1C8-9E32-4E24-9241-6144FD25BF8F}.Debug|x86.ActiveCfg = Debug|Any CPU
		{95EBB1C8-9E32-4E24-9241-6144FD25BF8F}.Release|Any CPU.ActiveCfg = Release|Any CPU
		{95EBB1C8-9E32-4E24-9241-6144FD25BF8F}.Release|Any CPU.Build.0 = Release|Any CPU
		{95EBB1C8-9E32-4E24-9241-6144FD25BF8F}.Release|Mixed Platforms.ActiveCfg = Release|Any CPU
		{95EBB1C8-9E32-4E24-9241-6144FD25BF8F}.Release|Mixed Platforms.Build.0 = Release|Any CPU
		{95EBB1C8-9E32-4E24-9241-6144FD25BF8F}.Release|x86.ActiveCfg = Release|Any CPU
		{2BA35F1A-B90A-4573-B3E7-11D8516BE2FB}.Debug|Any CPU.ActiveCfg = Debug|Any CPU
		{2BA35F1A-B90A-4573-B3E7-11D8516BE2FB}.Debug|Any CPU.Build.0 = Debug|Any CPU
		{2BA35F1A-B90A-4573-B3E7-11D8516BE2FB}.Debug|Mixed Platforms.ActiveCfg = Debug|Any CPU
		{2BA35F1A-B90A-4573-B3E7-11D8516BE2FB}.Debug|Mixed Platforms.Build.0 = Debug|Any CPU
		{2BA35F1A-B90A-4573-B3E7-11D8516BE2FB}.Debug|x86.ActiveCfg = Debug|Any CPU
		{2BA35F1A-B90A-4573-B3E7-11D8516BE2FB}.Release|Any CPU.ActiveCfg = Release|Any CPU
		{2BA35F1A-B90A-4573-B3E7-11D8516BE2FB}.Release|Any CPU.Build.0 = Release|Any CPU
		{2BA35F1A-B90A-4573-B3E7-11D8516BE2FB}.Release|Mixed Platforms.ActiveCfg = Release|Any CPU
		{2BA35F1A-B90A-4573-B3E7-11D8516BE2FB}.Release|Mixed Platforms.Build.0 = Release|Any CPU
		{2BA35F1A-B90A-4573-B3E7-11D8516BE2FB}.Release|x86.ActiveCfg = Release|Any CPU
	EndGlobalSection
	GlobalSection(SolutionProperties) = preSolution
		HideSolutionNode = FALSE
	EndGlobalSection
EndGlobal
